
Microsoft Visual Studio Solution File, Format Version 12.00
Project("{8BC9CEB8-8B4A-11D0-8D11-00A0C91BC942}") = "NewGameProject", "NewGameProject\NewGameProject.vcxproj", "{0597418D-FA75-4A4E-80EB-BA7415DB3B4C}"
EndProject
Global
	GlobalSection(SolutionConfigurationPlatforms) = preSolution
		Debug|Win32 = Debug|Win32
		Debug|x64 = Debug|x64
		Release|Win32 = Release|Win32
		Release|x64 = Release|x64
	EndGlobalSection
	GlobalSection(ProjectConfigurationPlatforms) = postSolution
		{0597418D-FA75-4A4E-80EB-BA7415DB3B4C}.Debug|x64.ActiveCfg = Debug|x64
		{0597418D-FA75-4A4E-80EB-BA7415DB3B4C}.Debug|x64.Build.0 = Debug|x64
		{0597418D-FA75-4A4E-80EB-BA7415DB3B4C}.Release|x64.ActiveCfg = Release|x64
		{0597418D-FA75-4A4E-80EB-BA7415DB3B4C}.Release|x64.Build.0 = Release|x64
	EndGlobalSection
EndGlobal
