
Microsoft Visual Studio Solution File, Format Version 12.00
# Visual Studio Version 17
VisualStudioVersion = 17.7.34202.233
MinimumVisualStudioVersion = 10.0.40219.1
Project("{9A19103F-16F7-4668-BE54-9A1E7A4F7556}") = "PrimalEditor", "PrimalEditor\PrimalEditor.csproj", "{28B5A6B8-7D2F-446A-80C0-16962266E534}"
EndProject
Project("{8BC9CEB8-8B4A-11D0-8D11-00A0C91BC942}") = "Engine", "Engine\Engine.vcxproj", "{6BDB3359-1167-4FA9-A738-99E57E381EF8}"
EndProject
Project("{8BC9CEB8-8B4A-11D0-8D11-00A0C91BC942}") = "EngineTest", "EngineTest\EngineTest.vcxproj", "{A7D800FC-428E-4987-B7E4-23562ED9A081}"
EndProject
Project("{8BC9CEB8-8B4A-11D0-8D11-00A0C91BC942}") = "EngineDLL", "EngineDLL\EngineDLL.vcxproj", "{0E4104FF-FC02-46A4-8295-3CD2792AFAB4}"
EndProject
Project("{8BC9CEB8-8B4A-11D0-8D11-00A0C91BC942}") = "FirstGameProject", "FirstGameProject\FirstGameProject.vcxproj", "{BD59D03B-D848-44D4-962D-E64E5190DEA4}"
EndProject
Global
	GlobalSection(SolutionConfigurationPlatforms) = preSolution
		Debug|Any CPU = Debug|Any CPU
		Release|Any CPU = Release|Any CPU
		DebugEditor|Any CPU = DebugEditor|Any CPU
		ReleaseEditor|Any CPU = ReleaseEditor|Any CPU
	EndGlobalSection
	GlobalSection(ProjectConfigurationPlatforms) = postSolution
		{28B5A6B8-7D2F-446A-80C0-16962266E534}.Debug|Any CPU.ActiveCfg = Debug|Any CPU
		{28B5A6B8-7D2F-446A-80C0-16962266E534}.Debug|Any CPU.Build.0 = Debug|Any CPU
		{28B5A6B8-7D2F-446A-80C0-16962266E534}.Release|Any CPU.ActiveCfg = Release|Any CPU
		{28B5A6B8-7D2F-446A-80C0-16962266E534}.Release|Any CPU.Build.0 = Release|Any CPU
		{28B5A6B8-7D2F-446A-80C0-16962266E534}.DebugEditor|Any CPU.ActiveCfg = DebugEditor|Any CPU
		{28B5A6B8-7D2F-446A-80C0-16962266E534}.DebugEditor|Any CPU.Build.0 = DebugEditor|Any CPU
		{28B5A6B8-7D2F-446A-80C0-16962266E534}.ReleaseEditor|Any CPU.ActiveCfg = ReleaseEditor|Any CPU
		{28B5A6B8-7D2F-446A-80C0-16962266E534}.ReleaseEditor|Any CPU.Build.0 = ReleaseEditor|Any CPU
		{6BDB3359-1167-4FA9-A738-99E57E381EF8}.Debug|Any CPU.ActiveCfg = Debug|x64
		{6BDB3359-1167-4FA9-A738-99E57E381EF8}.Debug|Any CPU.Build.0 = Debug|x64
		{6BDB3359-1167-4FA9-A738-99E57E381EF8}.Release|Any CPU.ActiveCfg = Release|x64
		{6BDB3359-1167-4FA9-A738-99E57E381EF8}.Release|Any CPU.Build.0 = Release|x64
		{6BDB3359-1167-4FA9-A738-99E57E381EF8}.DebugEditor|Any CPU.ActiveCfg = DebugEditor|Any CPU
		{6BDB3359-1167-4FA9-A738-99E57E381EF8}.DebugEditor|Any CPU.Build.0 = DebugEditor|Any CPU
		{6BDB3359-1167-4FA9-A738-99E57E381EF8}.ReleaseEditor|Any CPU.ActiveCfg = ReleaseEditor|Any CPU
		{6BDB3359-1167-4FA9-A738-99E57E381EF8}.ReleaseEditor|Any CPU.Build.0 = ReleaseEditor|Any CPU
		{A7D800FC-428E-4987-B7E4-23562ED9A081}.Debug|Any CPU.ActiveCfg = Debug|x64
		{A7D800FC-428E-4987-B7E4-23562ED9A081}.Debug|Any CPU.Build.0 = Debug|x64
		{A7D800FC-428E-4987-B7E4-23562ED9A081}.DebugEditor|Any CPU.ActiveCfg = DebugEditor|Any CPU
		{A7D800FC-428E-4987-B7E4-23562ED9A081}.DebugEditor|Any CPU.Build.0 = DebugEditor|Any CPU
		{A7D800FC-428E-4987-B7E4-23562ED9A081}.ReleaseEditor|Any CPU.ActiveCfg = ReleaseEditor|Any CPU
		{A7D800FC-428E-4987-B7E4-23562ED9A081}.ReleaseEditor|Any CPU.Build.0 = ReleaseEditor|Any CPU
		{0E4104FF-FC02-46A4-8295-3CD2792AFAB4}.Debug|Any CPU.ActiveCfg = Debug|x64
		{0E4104FF-FC02-46A4-8295-3CD2792AFAB4}.Debug|Any CPU.Build.0 = Debug|x64
		{0E4104FF-FC02-46A4-8295-3CD2792AFAB4}.DebugEditor|Any CPU.ActiveCfg = DebugEditor|Any CPU
		{0E4104FF-FC02-46A4-8295-3CD2792AFAB4}.DebugEditor|Any CPU.Build.0 = DebugEditor|Any CPU
		{0E4104FF-FC02-46A4-8295-3CD2792AFAB4}.ReleaseEditor|Any CPU.ActiveCfg = ReleaseEditor|Any CPU
		{0E4104FF-FC02-46A4-8295-3CD2792AFAB4}.ReleaseEditor|Any CPU.Build.0 = ReleaseEditor|Any CPU
		{BD59D03B-D848-44D4-962D-E64E5190DEA4}.Debug|Any CPU.ActiveCfg = Debug|x64
		{BD59D03B-D848-44D4-962D-E64E5190DEA4}.Debug|Any CPU.Build.0 = Debug|x64
		{BD59D03B-D848-44D4-962D-E64E5190DEA4}.DebugEditor|Any CPU.ActiveCfg = DebugEditor|Any CPU
		{BD59D03B-D848-44D4-962D-E64E5190DEA4}.DebugEditor|Any CPU.Build.0 = DebugEditor|Any CPU
		{BD59D03B-D848-44D4-962D-E64E5190DEA4}.ReleaseEditor|Any CPU.ActiveCfg = ReleaseEditor|Any CPU
		{BD59D03B-D848-44D4-962D-E64E5190DEA4}.ReleaseEditor|Any CPU.Build.0 = ReleaseEditor|Any CPU
	EndGlobalSection
	GlobalSection(SolutionProperties) = preSolution
		HideSolutionNode = FALSE
	EndGlobalSection
EndGlobal
